{
  "name": "movies",
  "lockfileVersion": 2,
  "requires": true,
  "packages": {
    "": {
      "dependencies": {
        "@cloudinary/url-gen": "^1.6.0"
      }
    },
    "node_modules/@cloudinary/url-gen": {
      "version": "1.6.0",
      "resolved": "https://registry.npmjs.org/@cloudinary/url-gen/-/url-gen-1.6.0.tgz",
      "integrity": "sha512-Ir7IloApze7tUmLxDUjFw3GOcs7/Hrh47p4U3CCtC6wI59ZGMHQe3l3aNhMtdYrJxCVIs2jYp6obWetcfTf3GQ=="
    }
  },
  "dependencies": {
    "@cloudinary/url-gen": {
      "version": "1.6.0",
      "resolved": "https://registry.npmjs.org/@cloudinary/url-gen/-/url-gen-1.6.0.tgz",
      "integrity": "sha512-Ir7IloApze7tUmLxDUjFw3GOcs7/Hrh47p4U3CCtC6wI59ZGMHQe3l3aNhMtdYrJxCVIs2jYp6obWetcfTf3GQ=="
    }
  }
}
